
Microsoft Visual Studio Solution File, Format Version 12.00
# Visual Studio Version 17
VisualStudioVersion = 17.3.32922.545
MinimumVisualStudioVersion = 10.0.40219.1
Project("{8BC9CEB8-8B4A-11D0-8D11-00A0C91BC942}") = "INJ1", "INJ1\INJ1.vcxproj", "{360F1EE2-164C-4146-B20E-C5EF7BC0D9B6}"
EndProject
Global
	GlobalSection(SolutionConfigurationPlatforms) = preSolution
		Debug|x64 = Debug|x64
		Debug|x86 = Debug|x86
		Release|x64 = Release|x64
		Release|x86 = Release|x86
	EndGlobalSection
	GlobalSection(ProjectConfigurationPlatforms) = postSolution
		{360F1EE2-164C-4146-B20E-C5EF7BC0D9B6}.Debug|x64.ActiveCfg = Debug|x64
		{360F1EE2-164C-4146-B20E-C5EF7BC0D9B6}.Debug|x64.Build.0 = Debug|x64
		{360F1EE2-164C-4146-B20E-C5EF7BC0D9B6}.Debug|x86.ActiveCfg = Debug|Win32
		{360F1EE2-164C-4146-B20E-C5EF7BC0D9B6}.Debug|x86.Build.0 = Debug|Win32
		{360F1EE2-164C-4146-B20E-C5EF7BC0D9B6}.Release|x64.ActiveCfg = Release|x64
		{360F1EE2-164C-4146-B20E-C5EF7BC0D9B6}.Release|x64.Build.0 = Release|x64
		{360F1EE2-164C-4146-B20E-C5EF7BC0D9B6}.Release|x86.ActiveCfg = Release|Win32
		{360F1EE2-164C-4146-B20E-C5EF7BC0D9B6}.Release|x86.Build.0 = Release|Win32
	EndGlobalSection
	GlobalSection(SolutionProperties) = preSolution
		HideSolutionNode = FALSE
	EndGlobalSection
	GlobalSection(ExtensibilityGlobals) = postSolution
		SolutionGuid = {1DDAB0AB-4D1E-4173-AB4D-58F8309750E6}
	EndGlobalSection
EndGlobal
